
Microsoft Visual Studio Solution File, Format Version 12.00
# Visual Studio Version 16
VisualStudioVersion = 16.0.29911.84
MinimumVisualStudioVersion = 10.0.40219.1
Project("{FAE04EC0-301F-11D3-BF4B-00C04F79EFBC}") = "InterfaceExample3", "InterfaceExample3\InterfaceExample3.csproj", "{3939010E-1D0C-4308-BCB4-F7AA929C6286}"
EndProject
Global
	GlobalSection(SolutionConfigurationPlatforms) = preSolution
		Debug|Any CPU = Debug|Any CPU
		Release|Any CPU = Release|Any CPU
	EndGlobalSection
	GlobalSection(ProjectConfigurationPlatforms) = postSolution
		{3939010E-1D0C-4308-BCB4-F7AA929C6286}.Debug|Any CPU.ActiveCfg = Debug|Any CPU
		{3939010E-1D0C-4308-BCB4-F7AA929C6286}.Debug|Any CPU.Build.0 = Debug|Any CPU
		{3939010E-1D0C-4308-BCB4-F7AA929C6286}.Release|Any CPU.ActiveCfg = Release|Any CPU
		{3939010E-1D0C-4308-BCB4-F7AA929C6286}.Release|Any CPU.Build.0 = Release|Any CPU
	EndGlobalSection
	GlobalSection(SolutionProperties) = preSolution
		HideSolutionNode = FALSE
	EndGlobalSection
	GlobalSection(ExtensibilityGlobals) = postSolution
		SolutionGuid = {1FE89B6B-7370-4816-9939-5C8C7C26422C}
	EndGlobalSection
EndGlobal
