
Microsoft Visual Studio Solution File, Format Version 12.00
# Visual Studio Version 16
VisualStudioVersion = 16.0.29911.84
MinimumVisualStudioVersion = 10.0.40219.1
Project("{8BC9CEB8-8B4A-11D0-8D11-00A0C91BC942}") = "HelloCPP", "HelloCPP\HelloCPP.vcxproj", "{B924E71B-AB08-4FB6-8ED7-0A862CEBAC3E}"
EndProject
Global
	GlobalSection(SolutionConfigurationPlatforms) = preSolution
		Debug|x64 = Debug|x64
		Debug|x86 = Debug|x86
		Release|x64 = Release|x64
		Release|x86 = Release|x86
	EndGlobalSection
	GlobalSection(ProjectConfigurationPlatforms) = postSolution
		{B924E71B-AB08-4FB6-8ED7-0A862CEBAC3E}.Debug|x64.ActiveCfg = Debug|x64
		{B924E71B-AB08-4FB6-8ED7-0A862CEBAC3E}.Debug|x64.Build.0 = Debug|x64
		{B924E71B-AB08-4FB6-8ED7-0A862CEBAC3E}.Debug|x86.ActiveCfg = Debug|Win32
		{B924E71B-AB08-4FB6-8ED7-0A862CEBAC3E}.Debug|x86.Build.0 = Debug|Win32
		{B924E71B-AB08-4FB6-8ED7-0A862CEBAC3E}.Release|x64.ActiveCfg = Release|x64
		{B924E71B-AB08-4FB6-8ED7-0A862CEBAC3E}.Release|x64.Build.0 = Release|x64
		{B924E71B-AB08-4FB6-8ED7-0A862CEBAC3E}.Release|x86.ActiveCfg = Release|Win32
		{B924E71B-AB08-4FB6-8ED7-0A862CEBAC3E}.Release|x86.Build.0 = Release|Win32
	EndGlobalSection
	GlobalSection(SolutionProperties) = preSolution
		HideSolutionNode = FALSE
	EndGlobalSection
	GlobalSection(ExtensibilityGlobals) = postSolution
		SolutionGuid = {011BA15F-AADA-44E3-85AF-4CCF7638D56A}
	EndGlobalSection
EndGlobal
