
Microsoft Visual Studio Solution File, Format Version 12.00
# Visual Studio Version 16
VisualStudioVersion = 16.0.29728.190
MinimumVisualStudioVersion = 10.0.40219.1
Project("{FAE04EC0-301F-11D3-BF4B-00C04F79EFBC}") = "ConstructorExample", "ConstructorExample.csproj", "{ED556787-23E8-4C7B-8B64-6B8D58FE2D19}"
EndProject
Global
	GlobalSection(SolutionConfigurationPlatforms) = preSolution
		Debug|Any CPU = Debug|Any CPU
		Release|Any CPU = Release|Any CPU
	EndGlobalSection
	GlobalSection(ProjectConfigurationPlatforms) = postSolution
		{ED556787-23E8-4C7B-8B64-6B8D58FE2D19}.Debug|Any CPU.ActiveCfg = Debug|Any CPU
		{ED556787-23E8-4C7B-8B64-6B8D58FE2D19}.Debug|Any CPU.Build.0 = Debug|Any CPU
		{ED556787-23E8-4C7B-8B64-6B8D58FE2D19}.Release|Any CPU.ActiveCfg = Release|Any CPU
		{ED556787-23E8-4C7B-8B64-6B8D58FE2D19}.Release|Any CPU.Build.0 = Release|Any CPU
	EndGlobalSection
	GlobalSection(SolutionProperties) = preSolution
		HideSolutionNode = FALSE
	EndGlobalSection
	GlobalSection(ExtensibilityGlobals) = postSolution
		SolutionGuid = {6BE0A595-BFAD-49B0-974D-910C65E0B19F}
	EndGlobalSection
EndGlobal
