
Microsoft Visual Studio Solution File, Format Version 12.00
# Visual Studio Version 16
VisualStudioVersion = 16.0.29911.84
MinimumVisualStudioVersion = 10.0.40219.1
Project("{9A19103F-16F7-4668-BE54-9A1E7A4F7556}") = "BabyStroller", "BavyStroller\BabyStroller.csproj", "{26B735C8-E0A7-4A04-84C8-DFF3A9542DE2}"
EndProject
Project("{FAE04EC0-301F-11D3-BF4B-00C04F79EFBC}") = "BabyStroller.SDK", "BabyStroller.SDK\BabyStroller.SDK.csproj", "{4732BAE3-68A2-43CD-ADA4-6E7BDA54BCB8}"
EndProject
Global
	GlobalSection(SolutionConfigurationPlatforms) = preSolution
		Debug|Any CPU = Debug|Any CPU
		Release|Any CPU = Release|Any CPU
	EndGlobalSection
	GlobalSection(ProjectConfigurationPlatforms) = postSolution
		{26B735C8-E0A7-4A04-84C8-DFF3A9542DE2}.Debug|Any CPU.ActiveCfg = Debug|Any CPU
		{26B735C8-E0A7-4A04-84C8-DFF3A9542DE2}.Debug|Any CPU.Build.0 = Debug|Any CPU
		{26B735C8-E0A7-4A04-84C8-DFF3A9542DE2}.Release|Any CPU.ActiveCfg = Release|Any CPU
		{26B735C8-E0A7-4A04-84C8-DFF3A9542DE2}.Release|Any CPU.Build.0 = Release|Any CPU
		{4732BAE3-68A2-43CD-ADA4-6E7BDA54BCB8}.Debug|Any CPU.ActiveCfg = Debug|Any CPU
		{4732BAE3-68A2-43CD-ADA4-6E7BDA54BCB8}.Debug|Any CPU.Build.0 = Debug|Any CPU
		{4732BAE3-68A2-43CD-ADA4-6E7BDA54BCB8}.Release|Any CPU.ActiveCfg = Release|Any CPU
		{4732BAE3-68A2-43CD-ADA4-6E7BDA54BCB8}.Release|Any CPU.Build.0 = Release|Any CPU
	EndGlobalSection
	GlobalSection(SolutionProperties) = preSolution
		HideSolutionNode = FALSE
	EndGlobalSection
	GlobalSection(ExtensibilityGlobals) = postSolution
		SolutionGuid = {97CCE328-05E0-4985-88F0-B6EA9F02345D}
	EndGlobalSection
EndGlobal
