
Microsoft Visual Studio Solution File, Format Version 12.00
# Visual Studio Version 16
VisualStudioVersion = 16.0.29728.190
MinimumVisualStudioVersion = 10.0.40219.1
Project("{FAE04EC0-301F-11D3-BF4B-00C04F79EFBC}") = "Combine", "Combine.csproj", "{19CE64EF-C566-400A-92A2-7BE7ABAAC3C4}"
EndProject
Global
	GlobalSection(SolutionConfigurationPlatforms) = preSolution
		Debug|Any CPU = Debug|Any CPU
		Release|Any CPU = Release|Any CPU
	EndGlobalSection
	GlobalSection(ProjectConfigurationPlatforms) = postSolution
		{19CE64EF-C566-400A-92A2-7BE7ABAAC3C4}.Debug|Any CPU.ActiveCfg = Debug|Any CPU
		{19CE64EF-C566-400A-92A2-7BE7ABAAC3C4}.Debug|Any CPU.Build.0 = Debug|Any CPU
		{19CE64EF-C566-400A-92A2-7BE7ABAAC3C4}.Release|Any CPU.ActiveCfg = Release|Any CPU
		{19CE64EF-C566-400A-92A2-7BE7ABAAC3C4}.Release|Any CPU.Build.0 = Release|Any CPU
	EndGlobalSection
	GlobalSection(SolutionProperties) = preSolution
		HideSolutionNode = FALSE
	EndGlobalSection
	GlobalSection(ExtensibilityGlobals) = postSolution
		SolutionGuid = {11ED7C40-218E-4C44-8F5E-DF19C7DA0CE7}
	EndGlobalSection
EndGlobal
