
Microsoft Visual Studio Solution File, Format Version 12.00
# Visual Studio Version 16
VisualStudioVersion = 16.0.29728.190
MinimumVisualStudioVersion = 10.0.40219.1
Project("{FAE04EC0-301F-11D3-BF4B-00C04F79EFBC}") = "ConversionExample", "ConversionExample.csproj", "{BF09E33B-6701-4C47-B555-AC54E98EA9D4}"
EndProject
Global
	GlobalSection(SolutionConfigurationPlatforms) = preSolution
		Debug|Any CPU = Debug|Any CPU
		Release|Any CPU = Release|Any CPU
	EndGlobalSection
	GlobalSection(ProjectConfigurationPlatforms) = postSolution
		{BF09E33B-6701-4C47-B555-AC54E98EA9D4}.Debug|Any CPU.ActiveCfg = Debug|Any CPU
		{BF09E33B-6701-4C47-B555-AC54E98EA9D4}.Debug|Any CPU.Build.0 = Debug|Any CPU
		{BF09E33B-6701-4C47-B555-AC54E98EA9D4}.Release|Any CPU.ActiveCfg = Release|Any CPU
		{BF09E33B-6701-4C47-B555-AC54E98EA9D4}.Release|Any CPU.Build.0 = Release|Any CPU
	EndGlobalSection
	GlobalSection(SolutionProperties) = preSolution
		HideSolutionNode = FALSE
	EndGlobalSection
	GlobalSection(ExtensibilityGlobals) = postSolution
		SolutionGuid = {91285DB6-8067-43AA-976C-CBDB017F4E96}
	EndGlobalSection
EndGlobal
