
Microsoft Visual Studio Solution File, Format Version 12.00
# Visual Studio Version 16
VisualStudioVersion = 16.0.29911.84
MinimumVisualStudioVersion = 10.0.40219.1
Project("{FAE04EC0-301F-11D3-BF4B-00C04F79EFBC}") = "IspExample", "IspExample\IspExample.csproj", "{622F98F7-2E2C-4E71-905A-CDA547FE68CA}"
EndProject
Global
	GlobalSection(SolutionConfigurationPlatforms) = preSolution
		Debug|Any CPU = Debug|Any CPU
		Release|Any CPU = Release|Any CPU
	EndGlobalSection
	GlobalSection(ProjectConfigurationPlatforms) = postSolution
		{622F98F7-2E2C-4E71-905A-CDA547FE68CA}.Debug|Any CPU.ActiveCfg = Debug|Any CPU
		{622F98F7-2E2C-4E71-905A-CDA547FE68CA}.Debug|Any CPU.Build.0 = Debug|Any CPU
		{622F98F7-2E2C-4E71-905A-CDA547FE68CA}.Release|Any CPU.ActiveCfg = Release|Any CPU
		{622F98F7-2E2C-4E71-905A-CDA547FE68CA}.Release|Any CPU.Build.0 = Release|Any CPU
	EndGlobalSection
	GlobalSection(SolutionProperties) = preSolution
		HideSolutionNode = FALSE
	EndGlobalSection
	GlobalSection(ExtensibilityGlobals) = postSolution
		SolutionGuid = {EBEB7CDA-979B-4965-9BBD-00077AAC0C73}
	EndGlobalSection
EndGlobal
