
Microsoft Visual Studio Solution File, Format Version 12.00
# Visual Studio Version 16
VisualStudioVersion = 16.0.29728.190
MinimumVisualStudioVersion = 10.0.40219.1
Project("{FAE04EC0-301F-11D3-BF4B-00C04F79EFBC}") = "Hanoi", "Hanoi.csproj", "{8EAAF141-2026-4E7F-8732-24451F9B446C}"
EndProject
Global
	GlobalSection(SolutionConfigurationPlatforms) = preSolution
		Debug|Any CPU = Debug|Any CPU
		Release|Any CPU = Release|Any CPU
	EndGlobalSection
	GlobalSection(ProjectConfigurationPlatforms) = postSolution
		{8EAAF141-2026-4E7F-8732-24451F9B446C}.Debug|Any CPU.ActiveCfg = Debug|Any CPU
		{8EAAF141-2026-4E7F-8732-24451F9B446C}.Debug|Any CPU.Build.0 = Debug|Any CPU
		{8EAAF141-2026-4E7F-8732-24451F9B446C}.Release|Any CPU.ActiveCfg = Release|Any CPU
		{8EAAF141-2026-4E7F-8732-24451F9B446C}.Release|Any CPU.Build.0 = Release|Any CPU
	EndGlobalSection
	GlobalSection(SolutionProperties) = preSolution
		HideSolutionNode = FALSE
	EndGlobalSection
	GlobalSection(ExtensibilityGlobals) = postSolution
		SolutionGuid = {8CA44CB3-B634-48DF-BEDE-42825A9D3FFF}
	EndGlobalSection
EndGlobal
