
Microsoft Visual Studio Solution File, Format Version 12.00
# Visual Studio Version 16
VisualStudioVersion = 16.0.29728.190
MinimumVisualStudioVersion = 10.0.40219.1
Project("{FAE04EC0-301F-11D3-BF4B-00C04F79EFBC}") = "DelegateExample", "DelegateExample.csproj", "{6FA209E5-F364-4825-B755-1DE1567CA316}"
EndProject
Global
	GlobalSection(SolutionConfigurationPlatforms) = preSolution
		Debug|Any CPU = Debug|Any CPU
		Release|Any CPU = Release|Any CPU
	EndGlobalSection
	GlobalSection(ProjectConfigurationPlatforms) = postSolution
		{6FA209E5-F364-4825-B755-1DE1567CA316}.Debug|Any CPU.ActiveCfg = Debug|Any CPU
		{6FA209E5-F364-4825-B755-1DE1567CA316}.Debug|Any CPU.Build.0 = Debug|Any CPU
		{6FA209E5-F364-4825-B755-1DE1567CA316}.Release|Any CPU.ActiveCfg = Release|Any CPU
		{6FA209E5-F364-4825-B755-1DE1567CA316}.Release|Any CPU.Build.0 = Release|Any CPU
	EndGlobalSection
	GlobalSection(SolutionProperties) = preSolution
		HideSolutionNode = FALSE
	EndGlobalSection
	GlobalSection(ExtensibilityGlobals) = postSolution
		SolutionGuid = {A9B462AF-F8A5-4BA1-9085-FF4535EFAE22}
	EndGlobalSection
EndGlobal
