
Microsoft Visual Studio Solution File, Format Version 12.00
# Visual Studio Version 16
VisualStudioVersion = 16.0.29911.84
MinimumVisualStudioVersion = 10.0.40219.1
Project("{FAE04EC0-301F-11D3-BF4B-00C04F79EFBC}") = "InterfaceExample", "InterfaceExample\InterfaceExample.csproj", "{B2E81416-4E1E-4B60-AFF2-848BE73BD8AA}"
EndProject
Global
	GlobalSection(SolutionConfigurationPlatforms) = preSolution
		Debug|Any CPU = Debug|Any CPU
		Release|Any CPU = Release|Any CPU
	EndGlobalSection
	GlobalSection(ProjectConfigurationPlatforms) = postSolution
		{B2E81416-4E1E-4B60-AFF2-848BE73BD8AA}.Debug|Any CPU.ActiveCfg = Debug|Any CPU
		{B2E81416-4E1E-4B60-AFF2-848BE73BD8AA}.Debug|Any CPU.Build.0 = Debug|Any CPU
		{B2E81416-4E1E-4B60-AFF2-848BE73BD8AA}.Release|Any CPU.ActiveCfg = Release|Any CPU
		{B2E81416-4E1E-4B60-AFF2-848BE73BD8AA}.Release|Any CPU.Build.0 = Release|Any CPU
	EndGlobalSection
	GlobalSection(SolutionProperties) = preSolution
		HideSolutionNode = FALSE
	EndGlobalSection
	GlobalSection(ExtensibilityGlobals) = postSolution
		SolutionGuid = {EB9808AF-D886-4F90-AE20-E038520A561E}
	EndGlobalSection
EndGlobal
