
Microsoft Visual Studio Solution File, Format Version 12.00
# Visual Studio Version 16
VisualStudioVersion = 16.0.29911.84
MinimumVisualStudioVersion = 10.0.40219.1
Project("{FAE04EC0-301F-11D3-BF4B-00C04F79EFBC}") = "HelloAccess", "HelloAccess\HelloAccess.csproj", "{E4819C78-81AD-4921-948E-81E2B887DB69}"
EndProject
Global
	GlobalSection(SolutionConfigurationPlatforms) = preSolution
		Debug|Any CPU = Debug|Any CPU
		Release|Any CPU = Release|Any CPU
	EndGlobalSection
	GlobalSection(ProjectConfigurationPlatforms) = postSolution
		{E4819C78-81AD-4921-948E-81E2B887DB69}.Debug|Any CPU.ActiveCfg = Debug|Any CPU
		{E4819C78-81AD-4921-948E-81E2B887DB69}.Debug|Any CPU.Build.0 = Debug|Any CPU
		{E4819C78-81AD-4921-948E-81E2B887DB69}.Release|Any CPU.ActiveCfg = Release|Any CPU
		{E4819C78-81AD-4921-948E-81E2B887DB69}.Release|Any CPU.Build.0 = Release|Any CPU
	EndGlobalSection
	GlobalSection(SolutionProperties) = preSolution
		HideSolutionNode = FALSE
	EndGlobalSection
	GlobalSection(ExtensibilityGlobals) = postSolution
		SolutionGuid = {EAD16767-44FB-4BCA-9C28-72A2831B76A4}
	EndGlobalSection
EndGlobal
