
Microsoft Visual Studio Solution File, Format Version 12.00
# Visual Studio Version 16
VisualStudioVersion = 16.0.29911.84
MinimumVisualStudioVersion = 10.0.40219.1
Project("{FAE04EC0-301F-11D3-BF4B-00C04F79EFBC}") = "HelloOPP", "HelloOPP\HelloOPP.csproj", "{967E3FD2-0BA8-401D-AECF-68B570420E83}"
EndProject
Global
	GlobalSection(SolutionConfigurationPlatforms) = preSolution
		Debug|Any CPU = Debug|Any CPU
		Release|Any CPU = Release|Any CPU
	EndGlobalSection
	GlobalSection(ProjectConfigurationPlatforms) = postSolution
		{967E3FD2-0BA8-401D-AECF-68B570420E83}.Debug|Any CPU.ActiveCfg = Debug|Any CPU
		{967E3FD2-0BA8-401D-AECF-68B570420E83}.Debug|Any CPU.Build.0 = Debug|Any CPU
		{967E3FD2-0BA8-401D-AECF-68B570420E83}.Release|Any CPU.ActiveCfg = Release|Any CPU
		{967E3FD2-0BA8-401D-AECF-68B570420E83}.Release|Any CPU.Build.0 = Release|Any CPU
	EndGlobalSection
	GlobalSection(SolutionProperties) = preSolution
		HideSolutionNode = FALSE
	EndGlobalSection
	GlobalSection(ExtensibilityGlobals) = postSolution
		SolutionGuid = {424AA875-21FC-4DD6-BE05-8681C97AD8B0}
	EndGlobalSection
EndGlobal
