
Microsoft Visual Studio Solution File, Format Version 12.00
# Visual Studio Version 16
VisualStudioVersion = 16.0.29911.84
MinimumVisualStudioVersion = 10.0.40219.1
Project("{FAE04EC0-301F-11D3-BF4B-00C04F79EFBC}") = "HelloAccess2", "HelloAccess2\HelloAccess2.csproj", "{469ABC51-8CD3-404F-A819-05C8E226D937}"
EndProject
Global
	GlobalSection(SolutionConfigurationPlatforms) = preSolution
		Debug|Any CPU = Debug|Any CPU
		Release|Any CPU = Release|Any CPU
	EndGlobalSection
	GlobalSection(ProjectConfigurationPlatforms) = postSolution
		{469ABC51-8CD3-404F-A819-05C8E226D937}.Debug|Any CPU.ActiveCfg = Debug|Any CPU
		{469ABC51-8CD3-404F-A819-05C8E226D937}.Debug|Any CPU.Build.0 = Debug|Any CPU
		{469ABC51-8CD3-404F-A819-05C8E226D937}.Release|Any CPU.ActiveCfg = Release|Any CPU
		{469ABC51-8CD3-404F-A819-05C8E226D937}.Release|Any CPU.Build.0 = Release|Any CPU
	EndGlobalSection
	GlobalSection(SolutionProperties) = preSolution
		HideSolutionNode = FALSE
	EndGlobalSection
	GlobalSection(ExtensibilityGlobals) = postSolution
		SolutionGuid = {1F56260E-81E0-421E-A0A1-69D83E218DE4}
	EndGlobalSection
EndGlobal
