
Microsoft Visual Studio Solution File, Format Version 12.00
# Visual Studio Version 16
VisualStudioVersion = 16.0.29728.190
MinimumVisualStudioVersion = 10.0.40219.1
Project("{FAE04EC0-301F-11D3-BF4B-00C04F79EFBC}") = "WpfApp1", "WpfApp1.csproj", "{ED0E1F85-7D0A-4E00-A773-7B45AD1BFFD6}"
EndProject
Global
	GlobalSection(SolutionConfigurationPlatforms) = preSolution
		Debug|Any CPU = Debug|Any CPU
		Release|Any CPU = Release|Any CPU
	EndGlobalSection
	GlobalSection(ProjectConfigurationPlatforms) = postSolution
		{ED0E1F85-7D0A-4E00-A773-7B45AD1BFFD6}.Debug|Any CPU.ActiveCfg = Debug|Any CPU
		{ED0E1F85-7D0A-4E00-A773-7B45AD1BFFD6}.Debug|Any CPU.Build.0 = Debug|Any CPU
		{ED0E1F85-7D0A-4E00-A773-7B45AD1BFFD6}.Release|Any CPU.ActiveCfg = Release|Any CPU
		{ED0E1F85-7D0A-4E00-A773-7B45AD1BFFD6}.Release|Any CPU.Build.0 = Release|Any CPU
	EndGlobalSection
	GlobalSection(SolutionProperties) = preSolution
		HideSolutionNode = FALSE
	EndGlobalSection
	GlobalSection(ExtensibilityGlobals) = postSolution
		SolutionGuid = {8A0DD5E2-6D16-4E1F-8505-8B64417254F4}
	EndGlobalSection
EndGlobal
