
Microsoft Visual Studio Solution File, Format Version 12.00
# Visual Studio Version 16
VisualStudioVersion = 16.0.29728.190
MinimumVisualStudioVersion = 10.0.40219.1
Project("{FAE04EC0-301F-11D3-BF4B-00C04F79EFBC}") = "WebAppHellWorld", "WebAppHellWorld.csproj", "{4DA30C94-4961-4D29-B049-B6133069108C}"
EndProject
Global
	GlobalSection(SolutionConfigurationPlatforms) = preSolution
		Debug|Any CPU = Debug|Any CPU
		Release|Any CPU = Release|Any CPU
	EndGlobalSection
	GlobalSection(ProjectConfigurationPlatforms) = postSolution
		{4DA30C94-4961-4D29-B049-B6133069108C}.Debug|Any CPU.ActiveCfg = Debug|Any CPU
		{4DA30C94-4961-4D29-B049-B6133069108C}.Debug|Any CPU.Build.0 = Debug|Any CPU
		{4DA30C94-4961-4D29-B049-B6133069108C}.Release|Any CPU.ActiveCfg = Release|Any CPU
		{4DA30C94-4961-4D29-B049-B6133069108C}.Release|Any CPU.Build.0 = Release|Any CPU
	EndGlobalSection
	GlobalSection(SolutionProperties) = preSolution
		HideSolutionNode = FALSE
	EndGlobalSection
	GlobalSection(ExtensibilityGlobals) = postSolution
		SolutionGuid = {318848B2-1098-4DBC-834E-B15B331996F2}
	EndGlobalSection
EndGlobal
